
Microsoft Visual Studio Solution File, Format Version 12.00
# Visual Studio Version 17
VisualStudioVersion = 17.3.32901.215
MinimumVisualStudioVersion = 10.0.40219.1
Project("{FAE04EC0-301F-11D3-BF4B-00C04F79EFBC}") = "OOP Polymorphism", "OOP Polymorphism\OOP Polymorphism.csproj", "{1E0A3FA3-4625-49F0-AD1A-4A57B2C8B370}"
EndProject
Global
	GlobalSection(SolutionConfigurationPlatforms) = preSolution
		Debug|Any CPU = Debug|Any CPU
		Release|Any CPU = Release|Any CPU
	EndGlobalSection
	GlobalSection(ProjectConfigurationPlatforms) = postSolution
		{1E0A3FA3-4625-49F0-AD1A-4A57B2C8B370}.Debug|Any CPU.ActiveCfg = Debug|Any CPU
		{1E0A3FA3-4625-49F0-AD1A-4A57B2C8B370}.Debug|Any CPU.Build.0 = Debug|Any CPU
		{1E0A3FA3-4625-49F0-AD1A-4A57B2C8B370}.Release|Any CPU.ActiveCfg = Release|Any CPU
		{1E0A3FA3-4625-49F0-AD1A-4A57B2C8B370}.Release|Any CPU.Build.0 = Release|Any CPU
	EndGlobalSection
	GlobalSection(SolutionProperties) = preSolution
		HideSolutionNode = FALSE
	EndGlobalSection
	GlobalSection(ExtensibilityGlobals) = postSolution
		SolutionGuid = {7B074052-DD0C-40E4-B67F-8C985FEAA935}
	EndGlobalSection
EndGlobal
